
Microsoft Visual Studio Solution File, Format Version 12.00
# Visual Studio 15
VisualStudioVersion = 15.0.28307.902
MinimumVisualStudioVersion = 10.0.40219.1
Project("{FAE04EC0-301F-11D3-BF4B-00C04F79EFBC}") = "stress-tester", "stress-tester.csproj", "{0AF92119-2296-4776-8DF9-E363BB931B33}"
EndProject
Global
	GlobalSection(SolutionConfigurationPlatforms) = preSolution
		Debug|Any CPU = Debug|Any CPU
		Release|Any CPU = Release|Any CPU
	EndGlobalSection
	GlobalSection(ProjectConfigurationPlatforms) = postSolution
		{0AF92119-2296-4776-8DF9-E363BB931B33}.Debug|Any CPU.ActiveCfg = Debug|Any CPU
		{0AF92119-2296-4776-8DF9-E363BB931B33}.Debug|Any CPU.Build.0 = Debug|Any CPU
		{0AF92119-2296-4776-8DF9-E363BB931B33}.Release|Any CPU.ActiveCfg = Release|Any CPU
		{0AF92119-2296-4776-8DF9-E363BB931B33}.Release|Any CPU.Build.0 = Release|Any CPU
	EndGlobalSection
	GlobalSection(SolutionProperties) = preSolution
		HideSolutionNode = FALSE
	EndGlobalSection
	GlobalSection(ExtensibilityGlobals) = postSolution
		SolutionGuid = {AD321179-F271-4F68-BAC4-9FBEFF723ACB}
	EndGlobalSection
EndGlobal
